
Microsoft Visual Studio Solution File, Format Version 12.00
# Visual Studio Version 17
VisualStudioVersion = 17.5.002.0
MinimumVisualStudioVersion = 10.0.40219.1
Project("{2150E333-8FDC-42A3-9474-1A3956D46DE8}") = "backend", "backend", "{C884C48F-E9AA-4D04-845A-0A9630524E50}"
EndProject
Project("{9A19103F-16F7-4668-BE54-9A1E7A4F7556}") = "orderService", "backend\orderService\orderService.csproj", "{4B443F2B-A354-4DF0-907D-9061F08C1E13}"
EndProject
Global
	GlobalSection(SolutionConfigurationPlatforms) = preSolution
		Debug|Any CPU = Debug|Any CPU
		Release|Any CPU = Release|Any CPU
	EndGlobalSection
	GlobalSection(ProjectConfigurationPlatforms) = postSolution
		{4B443F2B-A354-4DF0-907D-9061F08C1E13}.Debug|Any CPU.ActiveCfg = Debug|Any CPU
		{4B443F2B-A354-4DF0-907D-9061F08C1E13}.Debug|Any CPU.Build.0 = Debug|Any CPU
		{4B443F2B-A354-4DF0-907D-9061F08C1E13}.Release|Any CPU.ActiveCfg = Release|Any CPU
		{4B443F2B-A354-4DF0-907D-9061F08C1E13}.Release|Any CPU.Build.0 = Release|Any CPU
	EndGlobalSection
	GlobalSection(SolutionProperties) = preSolution
		HideSolutionNode = FALSE
	EndGlobalSection
	GlobalSection(NestedProjects) = preSolution
		{4B443F2B-A354-4DF0-907D-9061F08C1E13} = {C884C48F-E9AA-4D04-845A-0A9630524E50}
	EndGlobalSection
	GlobalSection(ExtensibilityGlobals) = postSolution
		SolutionGuid = {7DF0F1EA-7A8E-478C-9891-EA9A626D3E97}
	EndGlobalSection
EndGlobal
